
Microsoft Visual Studio Solution File, Format Version 11.00
# Visual Basic Express 2010
Project("{F184B08F-C81C-45F6-A57F-5ABD9991F28F}") = "XtremeBrowser", "XtremeBrowser\XtremeBrowser.vbproj", "{5DA6CA01-DEE6-4F2D-A7A8-991E04E56169}"
EndProject
Global
	GlobalSection(SolutionConfigurationPlatforms) = preSolution
		Debug|x86 = Debug|x86
		Release|x86 = Release|x86
	EndGlobalSection
	GlobalSection(ProjectConfigurationPlatforms) = postSolution
		{5DA6CA01-DEE6-4F2D-A7A8-991E04E56169}.Debug|x86.ActiveCfg = Debug|x86
		{5DA6CA01-DEE6-4F2D-A7A8-991E04E56169}.Debug|x86.Build.0 = Debug|x86
		{5DA6CA01-DEE6-4F2D-A7A8-991E04E56169}.Release|x86.ActiveCfg = Release|x86
		{5DA6CA01-DEE6-4F2D-A7A8-991E04E56169}.Release|x86.Build.0 = Release|x86
	EndGlobalSection
	GlobalSection(SolutionProperties) = preSolution
		HideSolutionNode = FALSE
	EndGlobalSection
EndGlobal
